{
  "name": "rspack-repro-incremental-render-output-path",
  "lockfileVersion": 3,
  "requires": true,
  "packages": {
    "": {
      "name": "rspack-repro-incremental-render-output-path",
      "devDependencies": {
        "@rspack/cli": "2.1.4",
        "@rspack/core": "2.1.4"
      }
    },
    "node_modules/@emnapi/core": {
      "version": "1.11.2",
      "resolved": "https://registry.npmjs.org/@emnapi/core/-/core-1.11.2.tgz",
      "integrity": "sha512-TC8MkTuZUtcTSiFeuC0ksCh9QIJ5+F21MvZ4Wn4ORfYaFJ/0dsiudv5tVkejgwZlwQ39jL9WWDe2lz8x0WglOA==",
      "dev": true,
      "license": "MIT",
      "optional": true,
      "dependencies": {
        "@emnapi/wasi-threads": "1.2.2",
        "tslib": "^2.4.0"
      }
    },
    "node_modules/@emnapi/runtime": {
      "version": "1.11.2",
      "resolved": "https://registry.npmjs.org/@emnapi/runtime/-/runtime-1.11.2.tgz",
      "integrity": "sha512-kyOl3X0DuTiT1h2ft8r2fYO8JYtU9a9Xis/zBSiGArNaagCOWx90N1k2wxp18czFDH+OgcWGb5ZP/XMt3dcyPA==",
      "dev": true,
      "license": "MIT",
      "optional": true,
      "dependencies": {
        "tslib": "^2.4.0"
      }
    },
    "node_modules/@emnapi/wasi-threads": {
      "version": "1.2.2",
      "resolved": "https://registry.npmjs.org/@emnapi/wasi-threads/-/wasi-threads-1.2.2.tgz",
      "integrity": "sha512-c95qOXkHdydNKhscBTebqEC1CVAZpyqOfVfBzQ1qgzyl3gfeldUjIggDbIZgDKsHLgnsM+igH7TJ/eAasaVuMA==",
      "dev": true,
      "license": "MIT",
      "optional": true,
      "dependencies": {
        "tslib": "^2.4.0"
      }
    },
    "node_modules/@napi-rs/wasm-runtime": {
      "version": "1.1.6",
      "resolved": "https://registry.npmjs.org/@napi-rs/wasm-runtime/-/wasm-runtime-1.1.6.tgz",
      "integrity": "sha512-ZLv/JdUfkvOy9eCnnBaGfiO+XimbjebAeO+MRQqD/B+FR1tnRN0tpKSJHRbE8sFfS6aqsXZ67TQjfwfsxULVbg==",
      "dev": true,
      "license": "MIT",
      "optional": true,
      "dependencies": {
        "@tybys/wasm-util": "^0.10.3"
      },
      "funding": {
        "type": "github",
        "url": "https://github.com/sponsors/Brooooooklyn"
      },
      "peerDependencies": {
        "@emnapi/core": "^1.7.1",
        "@emnapi/runtime": "^1.7.1"
      }
    },
    "node_modules/@rspack/binding": {
      "version": "2.1.4",
      "resolved": "https://registry.npmjs.org/@rspack/binding/-/binding-2.1.4.tgz",
      "integrity": "sha512-iye4BaTYtTt0qa39avWwEsUobVxFNhQHr6B8reFeKU7sdaZsC9LUoDR8JAt5gOnbnzFMPdKgrdU/VzkC6rXbIg==",
      "dev": true,
      "license": "MIT",
      "optionalDependencies": {
        "@rspack/binding-darwin-arm64": "2.1.4",
        "@rspack/binding-darwin-x64": "2.1.4",
        "@rspack/binding-linux-arm64-gnu": "2.1.4",
        "@rspack/binding-linux-arm64-musl": "2.1.4",
        "@rspack/binding-linux-riscv64-gnu": "2.1.4",
        "@rspack/binding-linux-riscv64-musl": "2.1.4",
        "@rspack/binding-linux-x64-gnu": "2.1.4",
        "@rspack/binding-linux-x64-musl": "2.1.4",
        "@rspack/binding-wasm32-wasi": "2.1.4",
        "@rspack/binding-win32-arm64-msvc": "2.1.4",
        "@rspack/binding-win32-ia32-msvc": "2.1.4",
        "@rspack/binding-win32-x64-msvc": "2.1.4"
      }
    },
    "node_modules/@rspack/binding-darwin-arm64": {
      "version": "2.1.4",
      "resolved": "https://registry.npmjs.org/@rspack/binding-darwin-arm64/-/binding-darwin-arm64-2.1.4.tgz",
      "integrity": "sha512-3Xcs01iw48F4WeE4SHga6bCNb/UEFvtQX4P4eMIaJfGPjTQuxfabGE8yCPm9e3tpLZ5uo+IBnJ6nh5r6tIDOXQ==",
      "cpu": [
        "arm64"
      ],
      "dev": true,
      "license": "MIT",
      "optional": true,
      "os": [
        "darwin"
      ]
    },
    "node_modules/@rspack/binding-darwin-x64": {
      "version": "2.1.4",
      "resolved": "https://registry.npmjs.org/@rspack/binding-darwin-x64/-/binding-darwin-x64-2.1.4.tgz",
      "integrity": "sha512-bz/AsCplLs+3fXULPQU9d4r8H4PdeljgHFyItvVIrA/NKZqzQ8sX0topf/zJVZAOtPH7GNnrKjq0/F0U2DHikQ==",
      "cpu": [
        "x64"
      ],
      "dev": true,
      "license": "MIT",
      "optional": true,
      "os": [
        "darwin"
      ]
    },
    "node_modules/@rspack/binding-linux-arm64-gnu": {
      "version": "2.1.4",
      "resolved": "https://registry.npmjs.org/@rspack/binding-linux-arm64-gnu/-/binding-linux-arm64-gnu-2.1.4.tgz",
      "integrity": "sha512-x0HQTLU1MusCtNamuXxf3ayEPkvh9uuaq4wVyBqveRkn4FznSOoHUsxTAKMnjGARX+vdLV/y/SwWJRDp2RI4zw==",
      "cpu": [
        "arm64"
      ],
      "dev": true,
      "license": "MIT",
      "optional": true,
      "os": [
        "linux"
      ]
    },
    "node_modules/@rspack/binding-linux-arm64-musl": {
      "version": "2.1.4",
      "resolved": "https://registry.npmjs.org/@rspack/binding-linux-arm64-musl/-/binding-linux-arm64-musl-2.1.4.tgz",
      "integrity": "sha512-SEYCQD9UflKJMkYGnG5nt2gcsqdkgJsQmryBC/jxo+bOuY9gUSReU99FqCt7WRQrsHLbGeAFeTWs1QzItWG/Bw==",
      "cpu": [
        "arm64"
      ],
      "dev": true,
      "license": "MIT",
      "optional": true,
      "os": [
        "linux"
      ]
    },
    "node_modules/@rspack/binding-linux-riscv64-gnu": {
      "version": "2.1.4",
      "resolved": "https://registry.npmjs.org/@rspack/binding-linux-riscv64-gnu/-/binding-linux-riscv64-gnu-2.1.4.tgz",
      "integrity": "sha512-jYtQKtnDRaVfyasvTGY04Z7m+xDWZYVwAIEOB4hP7czM7FVLOMgHlMlvw/EgF0DNHrBthqbPfBIS2tP50CzpEA==",
      "cpu": [
        "riscv64"
      ],
      "dev": true,
      "license": "MIT",
      "optional": true,
      "os": [
        "linux"
      ]
    },
    "node_modules/@rspack/binding-linux-riscv64-musl": {
      "version": "2.1.4",
      "resolved": "https://registry.npmjs.org/@rspack/binding-linux-riscv64-musl/-/binding-linux-riscv64-musl-2.1.4.tgz",
      "integrity": "sha512-ZgxKjQAm9pidq2kChQO2PqKI9OQpLuGD7iPBuyT0gQg3m1+7vvbbkArLBPzJ12CQHVZvqua7n/QGx8pQjJI2Zw==",
      "cpu": [
        "riscv64"
      ],
      "dev": true,
      "license": "MIT",
      "optional": true,
      "os": [
        "linux"
      ]
    },
    "node_modules/@rspack/binding-linux-x64-gnu": {
      "version": "2.1.4",
      "resolved": "https://registry.npmjs.org/@rspack/binding-linux-x64-gnu/-/binding-linux-x64-gnu-2.1.4.tgz",
      "integrity": "sha512-C53B3e6M4yzlYn4hDxR9cHZV+HqkfFGR0zuhH8QCfdBfN5KyGsmXmujiFU85ANEvBgf9CF8VreBQeJ20lyto/g==",
      "cpu": [
        "x64"
      ],
      "dev": true,
      "license": "MIT",
      "optional": true,
      "os": [
        "linux"
      ]
    },
    "node_modules/@rspack/binding-linux-x64-musl": {
      "version": "2.1.4",
      "resolved": "https://registry.npmjs.org/@rspack/binding-linux-x64-musl/-/binding-linux-x64-musl-2.1.4.tgz",
      "integrity": "sha512-UaeG3FRo7e5RameQvWRNQ6KeXF29LEk67U/ohb9tF4U38mKH1OGqhmwCf5yLkqiOSgOi7Ff3ireOZD83Fso1iw==",
      "cpu": [
        "x64"
      ],
      "dev": true,
      "license": "MIT",
      "optional": true,
      "os": [
        "linux"
      ]
    },
    "node_modules/@rspack/binding-wasm32-wasi": {
      "version": "2.1.4",
      "resolved": "https://registry.npmjs.org/@rspack/binding-wasm32-wasi/-/binding-wasm32-wasi-2.1.4.tgz",
      "integrity": "sha512-0P1WZEfu7JOPzD/jQfk9U/6gnRFc7RpvYCQaYZVVYZNJ2gU6O0/yLegRGKNK/2L0zjYwiD0ynhOIBVUUERf5Pw==",
      "cpu": [
        "wasm32"
      ],
      "dev": true,
      "license": "MIT",
      "optional": true,
      "dependencies": {
        "@emnapi/core": "1.11.2",
        "@emnapi/runtime": "1.11.2",
        "@napi-rs/wasm-runtime": "1.1.6"
      }
    },
    "node_modules/@rspack/binding-win32-arm64-msvc": {
      "version": "2.1.4",
      "resolved": "https://registry.npmjs.org/@rspack/binding-win32-arm64-msvc/-/binding-win32-arm64-msvc-2.1.4.tgz",
      "integrity": "sha512-+aStQipk1EakLRPfD+/aQbtmTXfxqSWetcRRDWV3cAsD4ebv1tF8FLKYY1PCaFpQbX1FxzCBGF0KHxkAsi9cxA==",
      "cpu": [
        "arm64"
      ],
      "dev": true,
      "license": "MIT",
      "optional": true,
      "os": [
        "win32"
      ]
    },
    "node_modules/@rspack/binding-win32-ia32-msvc": {
      "version": "2.1.4",
      "resolved": "https://registry.npmjs.org/@rspack/binding-win32-ia32-msvc/-/binding-win32-ia32-msvc-2.1.4.tgz",
      "integrity": "sha512-7nyrLRQ07j6i6omZuwiwwTI6rpjdy/Su3niLDAG7WsLL21u3/UQQrw6Fvm8SH3XYteghoHLSM3dhgaisuUhdJg==",
      "cpu": [
        "ia32"
      ],
      "dev": true,
      "license": "MIT",
      "optional": true,
      "os": [
        "win32"
      ]
    },
    "node_modules/@rspack/binding-win32-x64-msvc": {
      "version": "2.1.4",
      "resolved": "https://registry.npmjs.org/@rspack/binding-win32-x64-msvc/-/binding-win32-x64-msvc-2.1.4.tgz",
      "integrity": "sha512-Z4je7JBaDpO9vvNMgCxlycycRJq+GQwwuXSXagW2xvvGM10Ij63YVtIehSMG9xaW8PED41oc9nWndoEsiD60pA==",
      "cpu": [
        "x64"
      ],
      "dev": true,
      "license": "MIT",
      "optional": true,
      "os": [
        "win32"
      ]
    },
    "node_modules/@rspack/cli": {
      "version": "2.1.4",
      "resolved": "https://registry.npmjs.org/@rspack/cli/-/cli-2.1.4.tgz",
      "integrity": "sha512-DYFvcDwL8jzqPV+7zt7DKpq2Fsk7ZtK8YswhTTje6iaIwvtzAPLFI3BsG6YrQ3yfMj7jqjSe4Vb5MDPCxR/g4A==",
      "dev": true,
      "license": "MIT",
      "bin": {
        "rspack": "bin/rspack.js"
      },
      "peerDependencies": {
        "@rspack/core": "^2.0.0-0",
        "@rspack/dev-server": "^2.0.0-0"
      },
      "peerDependenciesMeta": {
        "@rspack/dev-server": {
          "optional": true
        }
      }
    },
    "node_modules/@rspack/core": {
      "version": "2.1.4",
      "resolved": "https://registry.npmjs.org/@rspack/core/-/core-2.1.4.tgz",
      "integrity": "sha512-lpJgtr+JAXuDAMBJfRJ1LHyWVuYJyhZu6L6aj9t4lipUU03qwakHnzn3vwSCr68PsVvVPzR6NbJE1gJienSV0g==",
      "dev": true,
      "license": "MIT",
      "dependencies": {
        "@rspack/binding": "2.1.4"
      },
      "engines": {
        "node": "^20.19.0 || >=22.12.0"
      },
      "peerDependencies": {
        "@module-federation/runtime-tools": "^0.24.1 || ^2.0.0",
        "@swc/helpers": "^0.5.23"
      },
      "peerDependenciesMeta": {
        "@module-federation/runtime-tools": {
          "optional": true
        },
        "@swc/helpers": {
          "optional": true
        }
      }
    },
    "node_modules/@tybys/wasm-util": {
      "version": "0.10.3",
      "resolved": "https://registry.npmjs.org/@tybys/wasm-util/-/wasm-util-0.10.3.tgz",
      "integrity": "sha512-F3fo1MYrRJYL3zER0OUOmkutjr1Vp23m7OsSgp7nq4SP6OqX6C/56XFIPAl5bt3zaBRjmW7SGz3u/6LwFpYcOg==",
      "dev": true,
      "license": "MIT",
      "optional": true,
      "dependencies": {
        "tslib": "^2.4.0"
      }
    },
    "node_modules/tslib": {
      "version": "2.8.1",
      "resolved": "https://registry.npmjs.org/tslib/-/tslib-2.8.1.tgz",
      "integrity": "sha512-oJFu94HQb+KVduSUQL7wnpmqnfmLsOA/nAh6b6EH0wCEoK0/mPeXU6c3wKDV83MkOuHPRHtSXKKU99IBazS/2w==",
      "dev": true,
      "license": "0BSD",
      "optional": true
    }
  }
}
